
Microsoft Visual Studio Solution File, Format Version 12.00
# Visual Studio Version 17
VisualStudioVersion = 17.5.002.0
MinimumVisualStudioVersion = 10.0.40219.1
Project("{9A19103F-16F7-4668-BE54-9A1E7A4F7556}") = "SoftwareDesignPattern", "SoftwareDesignPattern.csproj", "{A32C817A-1B1E-4570-A37B-A4DEFCD9E34C}"
EndProject
Global
	GlobalSection(SolutionConfigurationPlatforms) = preSolution
		Debug|Any CPU = Debug|Any CPU
		Release|Any CPU = Release|Any CPU
	EndGlobalSection
	GlobalSection(ProjectConfigurationPlatforms) = postSolution
		{A32C817A-1B1E-4570-A37B-A4DEFCD9E34C}.Debug|Any CPU.ActiveCfg = Debug|Any CPU
		{A32C817A-1B1E-4570-A37B-A4DEFCD9E34C}.Debug|Any CPU.Build.0 = Debug|Any CPU
		{A32C817A-1B1E-4570-A37B-A4DEFCD9E34C}.Release|Any CPU.ActiveCfg = Release|Any CPU
		{A32C817A-1B1E-4570-A37B-A4DEFCD9E34C}.Release|Any CPU.Build.0 = Release|Any CPU
	EndGlobalSection
	GlobalSection(SolutionProperties) = preSolution
		HideSolutionNode = FALSE
	EndGlobalSection
	GlobalSection(ExtensibilityGlobals) = postSolution
		SolutionGuid = {147A8496-D82A-4870-ABF7-FE84FB06344D}
	EndGlobalSection
EndGlobal
